
Microsoft Visual Studio Solution File, Format Version 12.00
# Visual Studio Version 17
VisualStudioVersion = 17.12.35527.113
MinimumVisualStudioVersion = 10.0.40219.1
Project("{FAE04EC0-301F-11D3-BF4B-00C04F79EFBC}") = "CarParts", "CarParts\CarParts.csproj", "{4CCEC169-DCF1-4E3F-8EBD-8804BBE9DFBE}"
EndProject
Project("{FAE04EC0-301F-11D3-BF4B-00C04F79EFBC}") = "CarPartsGUI", "CarPartsGUI\CarPartsGUI.csproj", "{0E452619-3DAE-4BD1-8FBF-91F7CD309600}"
EndProject
Global
	GlobalSection(SolutionConfigurationPlatforms) = preSolution
		Debug|Any CPU = Debug|Any CPU
		Release|Any CPU = Release|Any CPU
	EndGlobalSection
	GlobalSection(ProjectConfigurationPlatforms) = postSolution
		{4CCEC169-DCF1-4E3F-8EBD-8804BBE9DFBE}.Debug|Any CPU.ActiveCfg = Debug|Any CPU
		{4CCEC169-DCF1-4E3F-8EBD-8804BBE9DFBE}.Debug|Any CPU.Build.0 = Debug|Any CPU
		{4CCEC169-DCF1-4E3F-8EBD-8804BBE9DFBE}.Release|Any CPU.ActiveCfg = Release|Any CPU
		{4CCEC169-DCF1-4E3F-8EBD-8804BBE9DFBE}.Release|Any CPU.Build.0 = Release|Any CPU
		{0E452619-3DAE-4BD1-8FBF-91F7CD309600}.Debug|Any CPU.ActiveCfg = Debug|Any CPU
		{0E452619-3DAE-4BD1-8FBF-91F7CD309600}.Debug|Any CPU.Build.0 = Debug|Any CPU
		{0E452619-3DAE-4BD1-8FBF-91F7CD309600}.Release|Any CPU.ActiveCfg = Release|Any CPU
		{0E452619-3DAE-4BD1-8FBF-91F7CD309600}.Release|Any CPU.Build.0 = Release|Any CPU
	EndGlobalSection
	GlobalSection(SolutionProperties) = preSolution
		HideSolutionNode = FALSE
	EndGlobalSection
EndGlobal
